
Microsoft Visual Studio Solution File, Format Version 12.00
# Visual Studio 15
VisualStudioVersion = 15.0.28010.2036
MinimumVisualStudioVersion = 10.0.40219.1
Project("{2150E333-8FDC-42A3-9474-1A3956D46DE8}") = "Solution Items", "Solution Items", "{F7816DA3-2C96-4098-8073-98FD0A9A887F}"
	ProjectSection(SolutionItems) = preProject
		Minimal.runsettings = Minimal.runsettings
		ReferenceTests.runsettings = ReferenceTests.runsettings
	EndProjectSection
EndProject
Project("{8BC9CEB8-8B4A-11D0-8D11-00A0C91BC942}") = "SMTPClient", "SMTPClient\SMTPClient.vcxproj", "{74011721-8FAC-4B19-8164-09EBF7DDA643}"
	ProjectSection(ProjectDependencies) = postProject
		{43845A01-B075-466F-A82B-A34DC65BF092} = {43845A01-B075-466F-A82B-A34DC65BF092}
		{6540603F-6216-4435-8839-27ADAEB210A1} = {6540603F-6216-4435-8839-27ADAEB210A1}
	EndProjectSection
EndProject
Project("{8BC9CEB8-8B4A-11D0-8D11-00A0C91BC942}") = "SocketTCP", "SocketLib\SocketTCP.vcxproj", "{43845A01-B075-466F-A82B-A34DC65BF092}"
EndProject
Project("{8BC9CEB8-8B4A-11D0-8D11-00A0C91BC942}") = "lib64", "Base64Lib\lib64.vcxproj", "{6540603F-6216-4435-8839-27ADAEB210A1}"
EndProject
Global
	GlobalSection(SolutionConfigurationPlatforms) = preSolution
		Debug|x64 = Debug|x64
		Debug|x86 = Debug|x86
		Release|x64 = Release|x64
		Release|x86 = Release|x86
	EndGlobalSection
	GlobalSection(ProjectConfigurationPlatforms) = postSolution
		{74011721-8FAC-4B19-8164-09EBF7DDA643}.Debug|x64.ActiveCfg = Debug|x64
		{74011721-8FAC-4B19-8164-09EBF7DDA643}.Debug|x64.Build.0 = Debug|x64
		{74011721-8FAC-4B19-8164-09EBF7DDA643}.Debug|x86.ActiveCfg = Debug|Win32
		{74011721-8FAC-4B19-8164-09EBF7DDA643}.Debug|x86.Build.0 = Debug|Win32
		{74011721-8FAC-4B19-8164-09EBF7DDA643}.Release|x64.ActiveCfg = Release|x64
		{74011721-8FAC-4B19-8164-09EBF7DDA643}.Release|x64.Build.0 = Release|x64
		{74011721-8FAC-4B19-8164-09EBF7DDA643}.Release|x86.ActiveCfg = Release|Win32
		{74011721-8FAC-4B19-8164-09EBF7DDA643}.Release|x86.Build.0 = Release|Win32
		{43845A01-B075-466F-A82B-A34DC65BF092}.Debug|x64.ActiveCfg = Debug|x64
		{43845A01-B075-466F-A82B-A34DC65BF092}.Debug|x64.Build.0 = Debug|x64
		{43845A01-B075-466F-A82B-A34DC65BF092}.Debug|x86.ActiveCfg = Debug|Win32
		{43845A01-B075-466F-A82B-A34DC65BF092}.Debug|x86.Build.0 = Debug|Win32
		{43845A01-B075-466F-A82B-A34DC65BF092}.Release|x64.ActiveCfg = Release|x64
		{43845A01-B075-466F-A82B-A34DC65BF092}.Release|x64.Build.0 = Release|x64
		{43845A01-B075-466F-A82B-A34DC65BF092}.Release|x86.ActiveCfg = Release|Win32
		{43845A01-B075-466F-A82B-A34DC65BF092}.Release|x86.Build.0 = Release|Win32
		{6540603F-6216-4435-8839-27ADAEB210A1}.Debug|x64.ActiveCfg = Debug|x64
		{6540603F-6216-4435-8839-27ADAEB210A1}.Debug|x64.Build.0 = Debug|x64
		{6540603F-6216-4435-8839-27ADAEB210A1}.Debug|x86.ActiveCfg = Debug|Win32
		{6540603F-6216-4435-8839-27ADAEB210A1}.Debug|x86.Build.0 = Debug|Win32
		{6540603F-6216-4435-8839-27ADAEB210A1}.Release|x64.ActiveCfg = Release|x64
		{6540603F-6216-4435-8839-27ADAEB210A1}.Release|x64.Build.0 = Release|x64
		{6540603F-6216-4435-8839-27ADAEB210A1}.Release|x86.ActiveCfg = Release|Win32
		{6540603F-6216-4435-8839-27ADAEB210A1}.Release|x86.Build.0 = Release|Win32
	EndGlobalSection
	GlobalSection(SolutionProperties) = preSolution
		HideSolutionNode = FALSE
	EndGlobalSection
	GlobalSection(ExtensibilityGlobals) = postSolution
		SolutionGuid = {94EE3F84-D8D3-4F85-808E-64B4B77D0553}
	EndGlobalSection
EndGlobal
